
Microsoft Visual Studio Solution File, Format Version 12.00
# Visual Studio Version 17
VisualStudioVersion = 17.5.33530.505
MinimumVisualStudioVersion = 10.0.40219.1
Project("{9A19103F-16F7-4668-BE54-9A1E7A4F7556}") = "ElsaV3Performance", "ElsaV3Performance.Engine\ElsaV3Performance.csproj", "{06E9B468-9D6F-4B01-B705-C54E80D9E824}"
EndProject
Project("{9A19103F-16F7-4668-BE54-9A1E7A4F7556}") = "ElsaV3Performance.BackendApi", "ElsaV3Performance.BackendApi\ElsaV3Performance.BackendApi.csproj", "{6B4CAFED-15B2-4C38-BD32-8BA33AE3CD70}"
EndProject
Global
	GlobalSection(SolutionConfigurationPlatforms) = preSolution
		Debug|Any CPU = Debug|Any CPU
		Release|Any CPU = Release|Any CPU
	EndGlobalSection
	GlobalSection(ProjectConfigurationPlatforms) = postSolution
		{06E9B468-9D6F-4B01-B705-C54E80D9E824}.Debug|Any CPU.ActiveCfg = Debug|Any CPU
		{06E9B468-9D6F-4B01-B705-C54E80D9E824}.Debug|Any CPU.Build.0 = Debug|Any CPU
		{06E9B468-9D6F-4B01-B705-C54E80D9E824}.Release|Any CPU.ActiveCfg = Release|Any CPU
		{06E9B468-9D6F-4B01-B705-C54E80D9E824}.Release|Any CPU.Build.0 = Release|Any CPU
		{6B4CAFED-15B2-4C38-BD32-8BA33AE3CD70}.Debug|Any CPU.ActiveCfg = Debug|Any CPU
		{6B4CAFED-15B2-4C38-BD32-8BA33AE3CD70}.Debug|Any CPU.Build.0 = Debug|Any CPU
		{6B4CAFED-15B2-4C38-BD32-8BA33AE3CD70}.Release|Any CPU.ActiveCfg = Release|Any CPU
		{6B4CAFED-15B2-4C38-BD32-8BA33AE3CD70}.Release|Any CPU.Build.0 = Release|Any CPU
	EndGlobalSection
	GlobalSection(SolutionProperties) = preSolution
		HideSolutionNode = FALSE
	EndGlobalSection
	GlobalSection(ExtensibilityGlobals) = postSolution
		SolutionGuid = {FAA059E3-4213-4E4E-9164-AA1338C87DA3}
	EndGlobalSection
EndGlobal
